
Microsoft Visual Studio Solution File, Format Version 12.00
# Visual Studio 15
VisualStudioVersion = 15.0.27703.2042
MinimumVisualStudioVersion = 10.0.40219.1
Project("{FAE04EC0-301F-11D3-BF4B-00C04F79EFBC}") = "BloggingProject", "BloggingProject\BloggingProject.csproj", "{2181A067-98C7-4B6A-A8CD-AA130D1F8C65}"
EndProject
Global
	GlobalSection(SolutionConfigurationPlatforms) = preSolution
		Debug|Any CPU = Debug|Any CPU
		Release|Any CPU = Release|Any CPU
	EndGlobalSection
	GlobalSection(ProjectConfigurationPlatforms) = postSolution
		{2181A067-98C7-4B6A-A8CD-AA130D1F8C65}.Debug|Any CPU.ActiveCfg = Debug|Any CPU
		{2181A067-98C7-4B6A-A8CD-AA130D1F8C65}.Debug|Any CPU.Build.0 = Debug|Any CPU
		{2181A067-98C7-4B6A-A8CD-AA130D1F8C65}.Release|Any CPU.ActiveCfg = Release|Any CPU
		{2181A067-98C7-4B6A-A8CD-AA130D1F8C65}.Release|Any CPU.Build.0 = Release|Any CPU
	EndGlobalSection
	GlobalSection(SolutionProperties) = preSolution
		HideSolutionNode = FALSE
	EndGlobalSection
	GlobalSection(ExtensibilityGlobals) = postSolution
		SolutionGuid = {789BEAF9-F586-47C0-A0F6-7FD727DF72E1}
	EndGlobalSection
EndGlobal
